{
  "name": "irc-translate-bot",
  "version": "1.0.0",
  "lockfileVersion": 2,
  "requires": true,
  "packages": {
    "": {
      "name": "irc-translate-bot",
      "version": "1.0.0",
      "license": "ISC",
      "dependencies": {
        "@iamtraction/google-translate": "^2.0.1",
        "irc": "^0.5.2"
      }
    },
    "node_modules/@iamtraction/google-translate": {
      "version": "2.0.1",
      "resolved": "https://registry.npmjs.org/@iamtraction/google-translate/-/google-translate-2.0.1.tgz",
      "integrity": "sha512-kOTkt23zflxpgxLIe9tLvDU8IvNscXYbgMSXydNkZGWDtJ75YJiU3v7EBz+t7h/gSiY7sT5r4dlFkMrHCl+N6A==",
      "dependencies": {
        "undici": "^5.12.0"
      },
      "engines": {
        "node": ">=16.0.0"
      }
    },
    "node_modules/busboy": {
      "version": "1.6.0",
      "resolved": "https://registry.npmjs.org/busboy/-/busboy-1.6.0.tgz",
      "integrity": "sha512-8SFQbg/0hQ9xy3UNTB0YEnsNBbWfhf7RtnzpL7TkBiTBRfrQ9Fxcnz7VJsleJpyp6rVLvXiuORqjlHi5q+PYuA==",
      "dependencies": {
        "streamsearch": "^1.1.0"
      },
      "engines": {
        "node": ">=10.16.0"
      }
    },
    "node_modules/iconv": {
      "version": "2.2.3",
      "resolved": "https://registry.npmjs.org/iconv/-/iconv-2.2.3.tgz",
      "integrity": "sha512-evIiYeKdt5nEGYKNkQcGPQy781sYgbBKi3gEkt1s4CwteCdOHSjGGRyyp6lP8inYFZwvzG3lgjXEvGUC8nqQ5A==",
      "hasInstallScript": true,
      "optional": true,
      "dependencies": {
        "nan": "^2.3.5"
      },
      "engines": {
        "node": ">=0.8.0"
      }
    },
    "node_modules/irc": {
      "version": "0.5.2",
      "resolved": "https://registry.npmjs.org/irc/-/irc-0.5.2.tgz",
      "integrity": "sha512-KnrvkV05Y71SWmRWHtnlWEIH7LA/YeDul6l7tncCGLNEw4B6Obtmkatb3ACnSLj0kOJ6UBiuhss9e+eRG3zlxw==",
      "dependencies": {
        "irc-colors": "^1.1.0"
      },
      "engines": {
        "node": ">=0.10.0"
      },
      "optionalDependencies": {
        "iconv": "~2.2.1",
        "node-icu-charset-detector": "~0.2.0"
      }
    },
    "node_modules/irc-colors": {
      "version": "1.5.0",
      "resolved": "https://registry.npmjs.org/irc-colors/-/irc-colors-1.5.0.tgz",
      "integrity": "sha512-HtszKchBQTcqw1DC09uD7i7vvMayHGM1OCo6AHt5pkgZEyo99ClhHTMJdf+Ezc9ovuNNxcH89QfyclGthjZJOw==",
      "engines": {
        "node": ">=6"
      }
    },
    "node_modules/nan": {
      "version": "2.17.0",
      "resolved": "https://registry.npmjs.org/nan/-/nan-2.17.0.tgz",
      "integrity": "sha512-2ZTgtl0nJsO0KQCjEpxcIr5D+Yv90plTitZt9JBfQvVJDS5seMl3FOvsh3+9CoYWXf/1l5OaZzzF6nDm4cagaQ==",
      "optional": true
    },
    "node_modules/node-icu-charset-detector": {
      "version": "0.2.0",
      "resolved": "https://registry.npmjs.org/node-icu-charset-detector/-/node-icu-charset-detector-0.2.0.tgz",
      "integrity": "sha512-DYOFJ3NfKdxEi9hPbmoCss6WydGhJsxpSleUlZfAWEbZt3AU7JuxailgA9tnqQdsHiujfUY9VtDfWD9m0+ThtQ==",
      "hasInstallScript": true,
      "optional": true,
      "dependencies": {
        "nan": "^2.3.3"
      },
      "engines": {
        "node": ">=0.6"
      }
    },
    "node_modules/streamsearch": {
      "version": "1.1.0",
      "resolved": "https://registry.npmjs.org/streamsearch/-/streamsearch-1.1.0.tgz",
      "integrity": "sha512-Mcc5wHehp9aXz1ax6bZUyY5afg9u2rv5cqQI3mRrYkGC8rW2hM02jWuwjtL++LS5qinSyhj2QfLyNsuc+VsExg==",
      "engines": {
        "node": ">=10.0.0"
      }
    },
    "node_modules/undici": {
      "version": "5.22.0",
      "resolved": "https://registry.npmjs.org/undici/-/undici-5.22.0.tgz",
      "integrity": "sha512-fR9RXCc+6Dxav4P9VV/sp5w3eFiSdOjJYsbtWfd4s5L5C4ogyuVpdKIVHeW0vV1MloM65/f7W45nR9ZxwVdyiA==",
      "dependencies": {
        "busboy": "^1.6.0"
      },
      "engines": {
        "node": ">=14.0"
      }
    }
  },
  "dependencies": {
    "@iamtraction/google-translate": {
      "version": "2.0.1",
      "resolved": "https://registry.npmjs.org/@iamtraction/google-translate/-/google-translate-2.0.1.tgz",
      "integrity": "sha512-kOTkt23zflxpgxLIe9tLvDU8IvNscXYbgMSXydNkZGWDtJ75YJiU3v7EBz+t7h/gSiY7sT5r4dlFkMrHCl+N6A==",
      "requires": {
        "undici": "^5.12.0"
      }
    },
    "busboy": {
      "version": "1.6.0",
      "resolved": "https://registry.npmjs.org/busboy/-/busboy-1.6.0.tgz",
      "integrity": "sha512-8SFQbg/0hQ9xy3UNTB0YEnsNBbWfhf7RtnzpL7TkBiTBRfrQ9Fxcnz7VJsleJpyp6rVLvXiuORqjlHi5q+PYuA==",
      "requires": {
        "streamsearch": "^1.1.0"
      }
    },
    "iconv": {
      "version": "2.2.3",
      "resolved": "https://registry.npmjs.org/iconv/-/iconv-2.2.3.tgz",
      "integrity": "sha512-evIiYeKdt5nEGYKNkQcGPQy781sYgbBKi3gEkt1s4CwteCdOHSjGGRyyp6lP8inYFZwvzG3lgjXEvGUC8nqQ5A==",
      "optional": true,
      "requires": {
        "nan": "^2.3.5"
      }
    },
    "irc": {
      "version": "0.5.2",
      "resolved": "https://registry.npmjs.org/irc/-/irc-0.5.2.tgz",
      "integrity": "sha512-KnrvkV05Y71SWmRWHtnlWEIH7LA/YeDul6l7tncCGLNEw4B6Obtmkatb3ACnSLj0kOJ6UBiuhss9e+eRG3zlxw==",
      "requires": {
        "iconv": "~2.2.1",
        "irc-colors": "^1.1.0",
        "node-icu-charset-detector": "~0.2.0"
      }
    },
    "irc-colors": {
      "version": "1.5.0",
      "resolved": "https://registry.npmjs.org/irc-colors/-/irc-colors-1.5.0.tgz",
      "integrity": "sha512-HtszKchBQTcqw1DC09uD7i7vvMayHGM1OCo6AHt5pkgZEyo99ClhHTMJdf+Ezc9ovuNNxcH89QfyclGthjZJOw=="
    },
    "nan": {
      "version": "2.17.0",
      "resolved": "https://registry.npmjs.org/nan/-/nan-2.17.0.tgz",
      "integrity": "sha512-2ZTgtl0nJsO0KQCjEpxcIr5D+Yv90plTitZt9JBfQvVJDS5seMl3FOvsh3+9CoYWXf/1l5OaZzzF6nDm4cagaQ==",
      "optional": true
    },
    "node-icu-charset-detector": {
      "version": "0.2.0",
      "resolved": "https://registry.npmjs.org/node-icu-charset-detector/-/node-icu-charset-detector-0.2.0.tgz",
      "integrity": "sha512-DYOFJ3NfKdxEi9hPbmoCss6WydGhJsxpSleUlZfAWEbZt3AU7JuxailgA9tnqQdsHiujfUY9VtDfWD9m0+ThtQ==",
      "optional": true,
      "requires": {
        "nan": "^2.3.3"
      }
    },
    "streamsearch": {
      "version": "1.1.0",
      "resolved": "https://registry.npmjs.org/streamsearch/-/streamsearch-1.1.0.tgz",
      "integrity": "sha512-Mcc5wHehp9aXz1ax6bZUyY5afg9u2rv5cqQI3mRrYkGC8rW2hM02jWuwjtL++LS5qinSyhj2QfLyNsuc+VsExg=="
    },
    "undici": {
      "version": "5.22.0",
      "resolved": "https://registry.npmjs.org/undici/-/undici-5.22.0.tgz",
      "integrity": "sha512-fR9RXCc+6Dxav4P9VV/sp5w3eFiSdOjJYsbtWfd4s5L5C4ogyuVpdKIVHeW0vV1MloM65/f7W45nR9ZxwVdyiA==",
      "requires": {
        "busboy": "^1.6.0"
      }
    }
  }
}
